
Microsoft Visual Studio Solution File, Format Version 12.00
# Visual Studio Version 17
VisualStudioVersion = 17.14.36414.22 d17.14
MinimumVisualStudioVersion = 10.0.40219.1
Project("{FAE04EC0-301F-11D3-BF4B-00C04F79EFBC}") = "WeatherApp", "WeatherApp\WeatherApp.csproj", "{F1BB3504-1352-42EC-8806-55E37E4EC914}"
EndProject
Global
	GlobalSection(SolutionConfigurationPlatforms) = preSolution
		Debug|Any CPU = Debug|Any CPU
		Release|Any CPU = Release|Any CPU
	EndGlobalSection
	GlobalSection(ProjectConfigurationPlatforms) = postSolution
		{F1BB3504-1352-42EC-8806-55E37E4EC914}.Debug|Any CPU.ActiveCfg = Debug|Any CPU
		{F1BB3504-1352-42EC-8806-55E37E4EC914}.Debug|Any CPU.Build.0 = Debug|Any CPU
		{F1BB3504-1352-42EC-8806-55E37E4EC914}.Release|Any CPU.ActiveCfg = Release|Any CPU
		{F1BB3504-1352-42EC-8806-55E37E4EC914}.Release|Any CPU.Build.0 = Release|Any CPU
	EndGlobalSection
	GlobalSection(SolutionProperties) = preSolution
		HideSolutionNode = FALSE
	EndGlobalSection
	GlobalSection(ExtensibilityGlobals) = postSolution
		SolutionGuid = {BB8B1BF7-E78F-4B89-85FC-2693D8F29E1F}
	EndGlobalSection
EndGlobal
