
Microsoft Visual Studio Solution File, Format Version 12.00
# Visual Studio Version 17
VisualStudioVersion = 17.14.37027.9 d17.14
MinimumVisualStudioVersion = 10.0.40219.1
Project("{FAE04EC0-301F-11D3-BF4B-00C04F79EFBC}") = "CRMS", "CRMS\CRMS.csproj", "{635B892E-A0BC-4C01-9DEB-FCC685214665}"
EndProject
Global
	GlobalSection(SolutionConfigurationPlatforms) = preSolution
		Debug|Any CPU = Debug|Any CPU
		Release|Any CPU = Release|Any CPU
	EndGlobalSection
	GlobalSection(ProjectConfigurationPlatforms) = postSolution
		{635B892E-A0BC-4C01-9DEB-FCC685214665}.Debug|Any CPU.ActiveCfg = Debug|Any CPU
		{635B892E-A0BC-4C01-9DEB-FCC685214665}.Debug|Any CPU.Build.0 = Debug|Any CPU
		{635B892E-A0BC-4C01-9DEB-FCC685214665}.Release|Any CPU.ActiveCfg = Release|Any CPU
		{635B892E-A0BC-4C01-9DEB-FCC685214665}.Release|Any CPU.Build.0 = Release|Any CPU
	EndGlobalSection
	GlobalSection(SolutionProperties) = preSolution
		HideSolutionNode = FALSE
	EndGlobalSection
	GlobalSection(ExtensibilityGlobals) = postSolution
		SolutionGuid = {6869017E-852F-481F-AF1D-AD5D919864B9}
	EndGlobalSection
EndGlobal
